
Microsoft Visual Studio Solution File, Format Version 12.00
# Visual Studio Version 17
VisualStudioVersion = 17.1.32319.34
MinimumVisualStudioVersion = 10.0.40219.1
Project("{FAE04EC0-301F-11D3-BF4B-00C04F79EFBC}") = "PetShop.Client", "PetShop.Client\PetShop.Client.csproj", "{9ACCC6F8-C0DC-4F06-BBA4-DA7F0087C76C}"
EndProject
Project("{FAE04EC0-301F-11D3-BF4B-00C04F79EFBC}") = "PetShop.Data", "PetShop.Data\PetShop.Data.csproj", "{C2FD5477-6B41-4DA6-B813-146D5B04A486}"
EndProject
Project("{FAE04EC0-301F-11D3-BF4B-00C04F79EFBC}") = "PetShop.Service", "PetShop.Service\PetShop.Service.csproj", "{1192F54A-A474-4F71-B3B1-B7B04B78D18F}"
EndProject
Project("{FAE04EC0-301F-11D3-BF4B-00C04F79EFBC}") = "PetShop.UnitTests", "PetShop.UnitTests\PetShop.UnitTests.csproj", "{3AC7B8E0-B71D-44EB-A499-A9F84DF5D4C5}"
EndProject
Global
	GlobalSection(SolutionConfigurationPlatforms) = preSolution
		Debug|Any CPU = Debug|Any CPU
		Release|Any CPU = Release|Any CPU
	EndGlobalSection
	GlobalSection(ProjectConfigurationPlatforms) = postSolution
		{9ACCC6F8-C0DC-4F06-BBA4-DA7F0087C76C}.Debug|Any CPU.ActiveCfg = Debug|Any CPU
		{9ACCC6F8-C0DC-4F06-BBA4-DA7F0087C76C}.Debug|Any CPU.Build.0 = Debug|Any CPU
		{9ACCC6F8-C0DC-4F06-BBA4-DA7F0087C76C}.Release|Any CPU.ActiveCfg = Release|Any CPU
		{9ACCC6F8-C0DC-4F06-BBA4-DA7F0087C76C}.Release|Any CPU.Build.0 = Release|Any CPU
		{C2FD5477-6B41-4DA6-B813-146D5B04A486}.Debug|Any CPU.ActiveCfg = Debug|Any CPU
		{C2FD5477-6B41-4DA6-B813-146D5B04A486}.Debug|Any CPU.Build.0 = Debug|Any CPU
		{C2FD5477-6B41-4DA6-B813-146D5B04A486}.Release|Any CPU.ActiveCfg = Release|Any CPU
		{C2FD5477-6B41-4DA6-B813-146D5B04A486}.Release|Any CPU.Build.0 = Release|Any CPU
		{1192F54A-A474-4F71-B3B1-B7B04B78D18F}.Debug|Any CPU.ActiveCfg = Debug|Any CPU
		{1192F54A-A474-4F71-B3B1-B7B04B78D18F}.Debug|Any CPU.Build.0 = Debug|Any CPU
		{1192F54A-A474-4F71-B3B1-B7B04B78D18F}.Release|Any CPU.ActiveCfg = Release|Any CPU
		{1192F54A-A474-4F71-B3B1-B7B04B78D18F}.Release|Any CPU.Build.0 = Release|Any CPU
		{3AC7B8E0-B71D-44EB-A499-A9F84DF5D4C5}.Debug|Any CPU.ActiveCfg = Debug|Any CPU
		{3AC7B8E0-B71D-44EB-A499-A9F84DF5D4C5}.Debug|Any CPU.Build.0 = Debug|Any CPU
		{3AC7B8E0-B71D-44EB-A499-A9F84DF5D4C5}.Release|Any CPU.ActiveCfg = Release|Any CPU
		{3AC7B8E0-B71D-44EB-A499-A9F84DF5D4C5}.Release|Any CPU.Build.0 = Release|Any CPU
	EndGlobalSection
	GlobalSection(SolutionProperties) = preSolution
		HideSolutionNode = FALSE
	EndGlobalSection
	GlobalSection(ExtensibilityGlobals) = postSolution
		SolutionGuid = {416B4680-81F6-4EF0-B49F-DE35A90CFE81}
	EndGlobalSection
EndGlobal
